// !$*UTF8*$!
{
	archiveVersion = 1;
	classes = {
	};
	objectVersion = 46;
	objects = {

/* Begin PBXBuildFile section */
		01D21937A01CEF1DE645ADB6 /* Pods_ILTestingDemoTests.framework in Frameworks */ = {isa = PBXBuildFile; fileRef = 3BDD8483EF693CDC4B82CA45 /* Pods_ILTestingDemoTests.framework */; };
		778D840D1C5C03A500E7DC46 /* AppDelegate.swift in Sources */ = {isa = PBXBuildFile; fileRef = 778D840C1C5C03A500E7DC46 /* AppDelegate.swift */; };
		778D840F1C5C03A500E7DC46 /* ViewController.swift in Sources */ = {isa = PBXBuildFile; fileRef = 778D840E1C5C03A500E7DC46 /* ViewController.swift */; };
		778D84121C5C03A600E7DC46 /* Main.storyboard in Resources */ = {isa = PBXBuildFile; fileRef = 778D84101C5C03A600E7DC46 /* Main.storyboard */; };
		778D84141C5C03A600E7DC46 /* Assets.xcassets in Resources */ = {isa = PBXBuildFile; fileRef = 778D84131C5C03A600E7DC46 /* Assets.xcassets */; };
		778D84171C5C03A600E7DC46 /* LaunchScreen.storyboard in Resources */ = {isa = PBXBuildFile; fileRef = 778D84151C5C03A600E7DC46 /* LaunchScreen.storyboard */; };
		778D84331C5C0B7100E7DC46 /* ILTestingDemoUITests.swift in Sources */ = {isa = PBXBuildFile; fileRef = 778D84321C5C0B7100E7DC46 /* ILTestingDemoUITests.swift */; };
		778D843B1C5C151A00E7DC46 /* PersonSpec.swift in Sources */ = {isa = PBXBuildFile; fileRef = 778D843A1C5C151A00E7DC46 /* PersonSpec.swift */; };
		779290CE1C5C247B003E7BDA /* Person.swift in Sources */ = {isa = PBXBuildFile; fileRef = 779290CD1C5C247B003E7BDA /* Person.swift */; };
		779290D01C6042E8003E7BDA /* PersonService.swift in Sources */ = {isa = PBXBuildFile; fileRef = 779290CF1C6042E8003E7BDA /* PersonService.swift */; };
		779290D21C6044D2003E7BDA /* PersonServiceSpec.swift in Sources */ = {isa = PBXBuildFile; fileRef = 779290D11C6044D2003E7BDA /* PersonServiceSpec.swift */; };
		779290D41C6046B4003E7BDA /* PersonServiceMock.swift in Sources */ = {isa = PBXBuildFile; fileRef = 779290D31C6046B3003E7BDA /* PersonServiceMock.swift */; };
		779290D81C625E95003E7BDA /* UserTableViewController.swift in Sources */ = {isa = PBXBuildFile; fileRef = 779290D71C625E94003E7BDA /* UserTableViewController.swift */; };
		779290DE1C626187003E7BDA /* Localizable.strings in Resources */ = {isa = PBXBuildFile; fileRef = 779290E01C626187003E7BDA /* Localizable.strings */; };
		779290E41C626BC5003E7BDA /* ViewControllerSpec.swift in Sources */ = {isa = PBXBuildFile; fileRef = 779290E31C626BC5003E7BDA /* ViewControllerSpec.swift */; };
		779290E71C629A37003E7BDA /* UserTableViewControllerSpec.swift in Sources */ = {isa = PBXBuildFile; fileRef = 779290E61C629A37003E7BDA /* UserTableViewControllerSpec.swift */; };
		779290E91C62AFFA003E7BDA /* CustomMatchers.swift in Sources */ = {isa = PBXBuildFile; fileRef = 779290E81C62AFFA003E7BDA /* CustomMatchers.swift */; };
		779290EB1C62D028003E7BDA /* PersonMock.swift in Sources */ = {isa = PBXBuildFile; fileRef = 779290EA1C62D028003E7BDA /* PersonMock.swift */; };
		9F0F6AEE5E92CF9133F46731 /* Pods_ILTestingDemo.framework in Frameworks */ = {isa = PBXBuildFile; fileRef = 4AAC5C7A883CAB2A2F2476B1 /* Pods_ILTestingDemo.framework */; };
		ECEC11A933449E13924746FE /* Pods_ILTestingDemoUITests.framework in Frameworks */ = {isa = PBXBuildFile; fileRef = 37932FA7AA04287F523C4653 /* Pods_ILTestingDemoUITests.framework */; };
/* End PBXBuildFile section */

/* Begin PBXContainerItemProxy section */
		778D84271C5C0B1C00E7DC46 /* PBXContainerItemProxy */ = {
			isa = PBXContainerItemProxy;
			containerPortal = 778D84011C5C03A500E7DC46 /* Project object */;
			proxyType = 1;
			remoteGlobalIDString = 778D84081C5C03A500E7DC46;
			remoteInfo = ILTestingDemo;
		};
		778D84351C5C0B7100E7DC46 /* PBXContainerItemProxy */ = {
			isa = PBXContainerItemProxy;
			containerPortal = 778D84011C5C03A500E7DC46 /* Project object */;
			proxyType = 1;
			remoteGlobalIDString = 778D84081C5C03A500E7DC46;
			remoteInfo = ILTestingDemo;
		};
/* End PBXContainerItemProxy section */

/* Begin PBXFileReference section */
		0682C54BEE4EEC460C1A22B7 /* Pods-ILTestingDemoTests.release.xcconfig */ = {isa = PBXFileReference; includeInIndex = 1; lastKnownFileType = text.xcconfig; name = "Pods-ILTestingDemoTests.release.xcconfig"; path = "Pods/Target Support Files/Pods-ILTestingDemoTests/Pods-ILTestingDemoTests.release.xcconfig"; sourceTree = "<group>"; };
		37932FA7AA04287F523C4653 /* Pods_ILTestingDemoUITests.framework */ = {isa = PBXFileReference; explicitFileType = wrapper.framework; includeInIndex = 0; path = Pods_ILTestingDemoUITests.framework; sourceTree = BUILT_PRODUCTS_DIR; };
		3BDD8483EF693CDC4B82CA45 /* Pods_ILTestingDemoTests.framework */ = {isa = PBXFileReference; explicitFileType = wrapper.framework; includeInIndex = 0; path = Pods_ILTestingDemoTests.framework; sourceTree = BUILT_PRODUCTS_DIR; };
		4AAC5C7A883CAB2A2F2476B1 /* Pods_ILTestingDemo.framework */ = {isa = PBXFileReference; explicitFileType = wrapper.framework; includeInIndex = 0; path = Pods_ILTestingDemo.framework; sourceTree = BUILT_PRODUCTS_DIR; };
		5C79A780D8D4009CC37DD886 /* Pods-ILTestingDemo.debug.xcconfig */ = {isa = PBXFileReference; includeInIndex = 1; lastKnownFileType = text.xcconfig; name = "Pods-ILTestingDemo.debug.xcconfig"; path = "Pods/Target Support Files/Pods-ILTestingDemo/Pods-ILTestingDemo.debug.xcconfig"; sourceTree = "<group>"; };
		778D84091C5C03A500E7DC46 /* ILTestingDemo.app */ = {isa = PBXFileReference; explicitFileType = wrapper.application; includeInIndex = 0; path = ILTestingDemo.app; sourceTree = BUILT_PRODUCTS_DIR; };
		778D840C1C5C03A500E7DC46 /* AppDelegate.swift */ = {isa = PBXFileReference; lastKnownFileType = sourcecode.swift; path = AppDelegate.swift; sourceTree = "<group>"; };
		778D840E1C5C03A500E7DC46 /* ViewController.swift */ = {isa = PBXFileReference; lastKnownFileType = sourcecode.swift; path = ViewController.swift; sourceTree = "<group>"; };
		778D84111C5C03A600E7DC46 /* Base */ = {isa = PBXFileReference; lastKnownFileType = file.storyboard; name = Base; path = Base.lproj/Main.storyboard; sourceTree = "<group>"; };
		778D84131C5C03A600E7DC46 /* Assets.xcassets */ = {isa = PBXFileReference; lastKnownFileType = folder.assetcatalog; path = Assets.xcassets; sourceTree = "<group>"; };
		778D84161C5C03A600E7DC46 /* Base */ = {isa = PBXFileReference; lastKnownFileType = file.storyboard; name = Base; path = Base.lproj/LaunchScreen.storyboard; sourceTree = "<group>"; };
		778D84181C5C03A600E7DC46 /* Info.plist */ = {isa = PBXFileReference; lastKnownFileType = text.plist.xml; path = Info.plist; sourceTree = "<group>"; };
		778D84221C5C0B1C00E7DC46 /* ILTestingDemoTests.xctest */ = {isa = PBXFileReference; explicitFileType = wrapper.cfbundle; includeInIndex = 0; path = ILTestingDemoTests.xctest; sourceTree = BUILT_PRODUCTS_DIR; };
		778D84261C5C0B1C00E7DC46 /* Info.plist */ = {isa = PBXFileReference; lastKnownFileType = text.plist.xml; path = Info.plist; sourceTree = "<group>"; };
		778D84301C5C0B7100E7DC46 /* ILTestingDemoUITests.xctest */ = {isa = PBXFileReference; explicitFileType = wrapper.cfbundle; includeInIndex = 0; path = ILTestingDemoUITests.xctest; sourceTree = BUILT_PRODUCTS_DIR; };
		778D84321C5C0B7100E7DC46 /* ILTestingDemoUITests.swift */ = {isa = PBXFileReference; lastKnownFileType = sourcecode.swift; path = ILTestingDemoUITests.swift; sourceTree = "<group>"; };
		778D84341C5C0B7100E7DC46 /* Info.plist */ = {isa = PBXFileReference; lastKnownFileType = text.plist.xml; path = Info.plist; sourceTree = "<group>"; };
		778D843A1C5C151A00E7DC46 /* PersonSpec.swift */ = {isa = PBXFileReference; fileEncoding = 4; lastKnownFileType = sourcecode.swift; path = PersonSpec.swift; sourceTree = "<group>"; };
		779290CD1C5C247B003E7BDA /* Person.swift */ = {isa = PBXFileReference; fileEncoding = 4; lastKnownFileType = sourcecode.swift; path = Person.swift; sourceTree = "<group>"; };
		779290CF1C6042E8003E7BDA /* PersonService.swift */ = {isa = PBXFileReference; fileEncoding = 4; lastKnownFileType = sourcecode.swift; path = PersonService.swift; sourceTree = "<group>"; };
		779290D11C6044D2003E7BDA /* PersonServiceSpec.swift */ = {isa = PBXFileReference; fileEncoding = 4; lastKnownFileType = sourcecode.swift; path = PersonServiceSpec.swift; sourceTree = "<group>"; };
		779290D31C6046B3003E7BDA /* PersonServiceMock.swift */ = {isa = PBXFileReference; fileEncoding = 4; lastKnownFileType = sourcecode.swift; path = PersonServiceMock.swift; sourceTree = "<group>"; };
		779290D71C625E94003E7BDA /* UserTableViewController.swift */ = {isa = PBXFileReference; fileEncoding = 4; lastKnownFileType = sourcecode.swift; path = UserTableViewController.swift; sourceTree = "<group>"; };
		779290D91C6260D4003E7BDA /* es-MX */ = {isa = PBXFileReference; lastKnownFileType = text.plist.strings; name = "es-MX"; path = "es-MX.lproj/Main.strings"; sourceTree = "<group>"; };
		779290DA1C6260D4003E7BDA /* es-MX */ = {isa = PBXFileReference; lastKnownFileType = text.plist.strings; name = "es-MX"; path = "es-MX.lproj/LaunchScreen.strings"; sourceTree = "<group>"; };
		779290E11C62618C003E7BDA /* es-MX */ = {isa = PBXFileReference; lastKnownFileType = text.plist.strings; name = "es-MX"; path = "es-MX.lproj/Localizable.strings"; sourceTree = "<group>"; };
		779290E21C62619A003E7BDA /* Base */ = {isa = PBXFileReference; lastKnownFileType = text.plist.strings; name = Base; path = Base.lproj/Localizable.strings; sourceTree = "<group>"; };
		779290E31C626BC5003E7BDA /* ViewControllerSpec.swift */ = {isa = PBXFileReference; fileEncoding = 4; lastKnownFileType = sourcecode.swift; path = ViewControllerSpec.swift; sourceTree = "<group>"; };
		779290E61C629A37003E7BDA /* UserTableViewControllerSpec.swift */ = {isa = PBXFileReference; fileEncoding = 4; lastKnownFileType = sourcecode.swift; path = UserTableViewControllerSpec.swift; sourceTree = "<group>"; };
		779290E81C62AFFA003E7BDA /* CustomMatchers.swift */ = {isa = PBXFileReference; fileEncoding = 4; lastKnownFileType = sourcecode.swift; path = CustomMatchers.swift; sourceTree = "<group>"; };
		779290EA1C62D028003E7BDA /* PersonMock.swift */ = {isa = PBXFileReference; fileEncoding = 4; lastKnownFileType = sourcecode.swift; path = PersonMock.swift; sourceTree = "<group>"; };
		7A99B2DAC1BD6A62576903CB /* Pods-ILTestingDemoTests.debug.xcconfig */ = {isa = PBXFileReference; includeInIndex = 1; lastKnownFileType = text.xcconfig; name = "Pods-ILTestingDemoTests.debug.xcconfig"; path = "Pods/Target Support Files/Pods-ILTestingDemoTests/Pods-ILTestingDemoTests.debug.xcconfig"; sourceTree = "<group>"; };
		85C7B8814312EFEC4EFD983A /* Pods-ILTestingDemo.release.xcconfig */ = {isa = PBXFileReference; includeInIndex = 1; lastKnownFileType = text.xcconfig; name = "Pods-ILTestingDemo.release.xcconfig"; path = "Pods/Target Support Files/Pods-ILTestingDemo/Pods-ILTestingDemo.release.xcconfig"; sourceTree = "<group>"; };
		8CB689635CB52FDFA2C62FA4 /* Pods-ILTestingDemoUITests.release.xcconfig */ = {isa = PBXFileReference; includeInIndex = 1; lastKnownFileType = text.xcconfig; name = "Pods-ILTestingDemoUITests.release.xcconfig"; path = "Pods/Target Support Files/Pods-ILTestingDemoUITests/Pods-ILTestingDemoUITests.release.xcconfig"; sourceTree = "<group>"; };
		E00C72975FB2B0B47237D9CF /* Pods-ILTestingDemoUITests.debug.xcconfig */ = {isa = PBXFileReference; includeInIndex = 1; lastKnownFileType = text.xcconfig; name = "Pods-ILTestingDemoUITests.debug.xcconfig"; path = "Pods/Target Support Files/Pods-ILTestingDemoUITests/Pods-ILTestingDemoUITests.debug.xcconfig"; sourceTree = "<group>"; };
/* End PBXFileReference section */

/* Begin PBXFrameworksBuildPhase section */
		778D84061C5C03A500E7DC46 /* Frameworks */ = {
			isa = PBXFrameworksBuildPhase;
			buildActionMask = 2147483647;
			files = (
				9F0F6AEE5E92CF9133F46731 /* Pods_ILTestingDemo.framework in Frameworks */,
			);
			runOnlyForDeploymentPostprocessing = 0;
		};
		778D841F1C5C0B1C00E7DC46 /* Frameworks */ = {
			isa = PBXFrameworksBuildPhase;
			buildActionMask = 2147483647;
			files = (
				01D21937A01CEF1DE645ADB6 /* Pods_ILTestingDemoTests.framework in Frameworks */,
			);
			runOnlyForDeploymentPostprocessing = 0;
		};
		778D842D1C5C0B7100E7DC46 /* Frameworks */ = {
			isa = PBXFrameworksBuildPhase;
			buildActionMask = 2147483647;
			files = (
				ECEC11A933449E13924746FE /* Pods_ILTestingDemoUITests.framework in Frameworks */,
			);
			runOnlyForDeploymentPostprocessing = 0;
		};
/* End PBXFrameworksBuildPhase section */

/* Begin PBXGroup section */
		55E6FFC1884D1F1179B36162 /* Frameworks */ = {
			isa = PBXGroup;
			children = (
				3BDD8483EF693CDC4B82CA45 /* Pods_ILTestingDemoTests.framework */,
				37932FA7AA04287F523C4653 /* Pods_ILTestingDemoUITests.framework */,
				4AAC5C7A883CAB2A2F2476B1 /* Pods_ILTestingDemo.framework */,
			);
			name = Frameworks;
			sourceTree = "<group>";
		};
		778D84001C5C03A500E7DC46 = {
			isa = PBXGroup;
			children = (
				778D840B1C5C03A500E7DC46 /* ILTestingDemo */,
				778D84231C5C0B1C00E7DC46 /* ILTestingDemoTests */,
				778D84311C5C0B7100E7DC46 /* ILTestingDemoUITests */,
				778D840A1C5C03A500E7DC46 /* Products */,
				B50B8BC80079107C85162634 /* Pods */,
				55E6FFC1884D1F1179B36162 /* Frameworks */,
			);
			sourceTree = "<group>";
		};
		778D840A1C5C03A500E7DC46 /* Products */ = {
			isa = PBXGroup;
			children = (
				778D84091C5C03A500E7DC46 /* ILTestingDemo.app */,
				778D84221C5C0B1C00E7DC46 /* ILTestingDemoTests.xctest */,
				778D84301C5C0B7100E7DC46 /* ILTestingDemoUITests.xctest */,
			);
			name = Products;
			sourceTree = "<group>";
		};
		778D840B1C5C03A500E7DC46 /* ILTestingDemo */ = {
			isa = PBXGroup;
			children = (
				779290DB1C62610E003E7BDA /* Resources */,
				778D840C1C5C03A500E7DC46 /* AppDelegate.swift */,
				779290D71C625E94003E7BDA /* UserTableViewController.swift */,
				778D840E1C5C03A500E7DC46 /* ViewController.swift */,
				778D84101C5C03A600E7DC46 /* Main.storyboard */,
				778D84131C5C03A600E7DC46 /* Assets.xcassets */,
				778D84151C5C03A600E7DC46 /* LaunchScreen.storyboard */,
				779290CD1C5C247B003E7BDA /* Person.swift */,
				779290CF1C6042E8003E7BDA /* PersonService.swift */,
			);
			path = ILTestingDemo;
			sourceTree = "<group>";
		};
		778D84231C5C0B1C00E7DC46 /* ILTestingDemoTests */ = {
			isa = PBXGroup;
			children = (
				778D84261C5C0B1C00E7DC46 /* Info.plist */,
				778D843A1C5C151A00E7DC46 /* PersonSpec.swift */,
				779290D11C6044D2003E7BDA /* PersonServiceSpec.swift */,
				779290E81C62AFFA003E7BDA /* CustomMatchers.swift */,
				779290D31C6046B3003E7BDA /* PersonServiceMock.swift */,
				779290E31C626BC5003E7BDA /* ViewControllerSpec.swift */,
				779290E61C629A37003E7BDA /* UserTableViewControllerSpec.swift */,
				779290EA1C62D028003E7BDA /* PersonMock.swift */,
			);
			path = ILTestingDemoTests;
			sourceTree = "<group>";
		};
		778D84311C5C0B7100E7DC46 /* ILTestingDemoUITests */ = {
			isa = PBXGroup;
			children = (
				778D84321C5C0B7100E7DC46 /* ILTestingDemoUITests.swift */,
				778D84341C5C0B7100E7DC46 /* Info.plist */,
			);
			path = ILTestingDemoUITests;
			sourceTree = "<group>";
		};
		779290DB1C62610E003E7BDA /* Resources */ = {
			isa = PBXGroup;
			children = (
				778D84181C5C03A600E7DC46 /* Info.plist */,
				779290E01C626187003E7BDA /* Localizable.strings */,
			);
			name = Resources;
			sourceTree = "<group>";
		};
		B50B8BC80079107C85162634 /* Pods */ = {
			isa = PBXGroup;
			children = (
				7A99B2DAC1BD6A62576903CB /* Pods-ILTestingDemoTests.debug.xcconfig */,
				0682C54BEE4EEC460C1A22B7 /* Pods-ILTestingDemoTests.release.xcconfig */,
				E00C72975FB2B0B47237D9CF /* Pods-ILTestingDemoUITests.debug.xcconfig */,
				8CB689635CB52FDFA2C62FA4 /* Pods-ILTestingDemoUITests.release.xcconfig */,
				5C79A780D8D4009CC37DD886 /* Pods-ILTestingDemo.debug.xcconfig */,
				85C7B8814312EFEC4EFD983A /* Pods-ILTestingDemo.release.xcconfig */,
			);
			name = Pods;
			sourceTree = "<group>";
		};
/* End PBXGroup section */

/* Begin PBXNativeTarget section */
		778D84081C5C03A500E7DC46 /* ILTestingDemo */ = {
			isa = PBXNativeTarget;
			buildConfigurationList = 778D841B1C5C03A600E7DC46 /* Build configuration list for PBXNativeTarget "ILTestingDemo" */;
			buildPhases = (
				B51EF2111CBC001540650664 /* Check Pods Manifest.lock */,
				778D84051C5C03A500E7DC46 /* Sources */,
				778D84061C5C03A500E7DC46 /* Frameworks */,
				778D84071C5C03A500E7DC46 /* Resources */,
				E2C6AD965ECF44496C66DEBF /* Embed Pods Frameworks */,
				63D4BD449A4A8DB562A296D6 /* Copy Pods Resources */,
			);
			buildRules = (
			);
			dependencies = (
			);
			name = ILTestingDemo;
			productName = ILTestingDemo;
			productReference = 778D84091C5C03A500E7DC46 /* ILTestingDemo.app */;
			productType = "com.apple.product-type.application";
		};
		778D84211C5C0B1C00E7DC46 /* ILTestingDemoTests */ = {
			isa = PBXNativeTarget;
			buildConfigurationList = 778D84291C5C0B1C00E7DC46 /* Build configuration list for PBXNativeTarget "ILTestingDemoTests" */;
			buildPhases = (
				7B7BEEF760AB8DB4D50B62DB /* Check Pods Manifest.lock */,
				778D841E1C5C0B1C00E7DC46 /* Sources */,
				778D841F1C5C0B1C00E7DC46 /* Frameworks */,
				778D84201C5C0B1C00E7DC46 /* Resources */,
				6F4C3DC8F90CF33EC27FC2CB /* Embed Pods Frameworks */,
				4F5949FD21B59C392673C616 /* Copy Pods Resources */,
			);
			buildRules = (
			);
			dependencies = (
				778D84281C5C0B1C00E7DC46 /* PBXTargetDependency */,
			);
			name = ILTestingDemoTests;
			productName = ILTestingDemoTests;
			productReference = 778D84221C5C0B1C00E7DC46 /* ILTestingDemoTests.xctest */;
			productType = "com.apple.product-type.bundle.unit-test";
		};
		778D842F1C5C0B7100E7DC46 /* ILTestingDemoUITests */ = {
			isa = PBXNativeTarget;
			buildConfigurationList = 778D84371C5C0B7100E7DC46 /* Build configuration list for PBXNativeTarget "ILTestingDemoUITests" */;
			buildPhases = (
				95C0B268C26917B6306CBAB8 /* Check Pods Manifest.lock */,
				778D842C1C5C0B7100E7DC46 /* Sources */,
				778D842D1C5C0B7100E7DC46 /* Frameworks */,
				778D842E1C5C0B7100E7DC46 /* Resources */,
				471CDDB1E25B4B852438F693 /* Copy Pods Resources */,
			);
			buildRules = (
			);
			dependencies = (
				778D84361C5C0B7100E7DC46 /* PBXTargetDependency */,
			);
			name = ILTestingDemoUITests;
			productName = ILTestingDemoUITests;
			productReference = 778D84301C5C0B7100E7DC46 /* ILTestingDemoUITests.xctest */;
			productType = "com.apple.product-type.bundle.ui-testing";
		};
/* End PBXNativeTarget section */

/* Begin PBXProject section */
		778D84011C5C03A500E7DC46 /* Project object */ = {
			isa = PBXProject;
			attributes = {
				LastSwiftUpdateCheck = 0720;
				LastUpgradeCheck = 0720;
				ORGANIZATIONNAME = Compean;
				TargetAttributes = {
					778D84081C5C03A500E7DC46 = {
						CreatedOnToolsVersion = 7.2;
					};
					778D84211C5C0B1C00E7DC46 = {
						CreatedOnToolsVersion = 7.2;
						TestTargetID = 778D84081C5C03A500E7DC46;
					};
					778D842F1C5C0B7100E7DC46 = {
						CreatedOnToolsVersion = 7.2;
						TestTargetID = 778D84081C5C03A500E7DC46;
					};
				};
			};
			buildConfigurationList = 778D84041C5C03A500E7DC46 /* Build configuration list for PBXProject "ILTestingDemo" */;
			compatibilityVersion = "Xcode 3.2";
			developmentRegion = English;
			hasScannedForEncodings = 0;
			knownRegions = (
				en,
				Base,
				"es-MX",
			);
			mainGroup = 778D84001C5C03A500E7DC46;
			productRefGroup = 778D840A1C5C03A500E7DC46 /* Products */;
			projectDirPath = "";
			projectRoot = "";
			targets = (
				778D84081C5C03A500E7DC46 /* ILTestingDemo */,
				778D84211C5C0B1C00E7DC46 /* ILTestingDemoTests */,
				778D842F1C5C0B7100E7DC46 /* ILTestingDemoUITests */,
			);
		};
/* End PBXProject section */

/* Begin PBXResourcesBuildPhase section */
		778D84071C5C03A500E7DC46 /* Resources */ = {
			isa = PBXResourcesBuildPhase;
			buildActionMask = 2147483647;
			files = (
				778D84171C5C03A600E7DC46 /* LaunchScreen.storyboard in Resources */,
				779290DE1C626187003E7BDA /* Localizable.strings in Resources */,
				778D84141C5C03A600E7DC46 /* Assets.xcassets in Resources */,
				778D84121C5C03A600E7DC46 /* Main.storyboard in Resources */,
			);
			runOnlyForDeploymentPostprocessing = 0;
		};
		778D84201C5C0B1C00E7DC46 /* Resources */ = {
			isa = PBXResourcesBuildPhase;
			buildActionMask = 2147483647;
			files = (
			);
			runOnlyForDeploymentPostprocessing = 0;
		};
		778D842E1C5C0B7100E7DC46 /* Resources */ = {
			isa = PBXResourcesBuildPhase;
			buildActionMask = 2147483647;
			files = (
			);
			runOnlyForDeploymentPostprocessing = 0;
		};
/* End PBXResourcesBuildPhase section */

/* Begin PBXShellScriptBuildPhase section */
		471CDDB1E25B4B852438F693 /* Copy Pods Resources */ = {
			isa = PBXShellScriptBuildPhase;
			buildActionMask = 2147483647;
			files = (
			);
			inputPaths = (
			);
			name = "Copy Pods Resources";
			outputPaths = (
			);
			runOnlyForDeploymentPostprocessing = 0;
			shellPath = /bin/sh;
			shellScript = "\"${SRCROOT}/Pods/Target Support Files/Pods-ILTestingDemoUITests/Pods-ILTestingDemoUITests-resources.sh\"\n";
			showEnvVarsInLog = 0;
		};
		4F5949FD21B59C392673C616 /* Copy Pods Resources */ = {
			isa = PBXShellScriptBuildPhase;
			buildActionMask = 2147483647;
			files = (
			);
			inputPaths = (
			);
			name = "Copy Pods Resources";
			outputPaths = (
			);
			runOnlyForDeploymentPostprocessing = 0;
			shellPath = /bin/sh;
			shellScript = "\"${SRCROOT}/Pods/Target Support Files/Pods-ILTestingDemoTests/Pods-ILTestingDemoTests-resources.sh\"\n";
			showEnvVarsInLog = 0;
		};
		63D4BD449A4A8DB562A296D6 /* Copy Pods Resources */ = {
			isa = PBXShellScriptBuildPhase;
			buildActionMask = 2147483647;
			files = (
			);
			inputPaths = (
			);
			name = "Copy Pods Resources";
			outputPaths = (
			);
			runOnlyForDeploymentPostprocessing = 0;
			shellPath = /bin/sh;
			shellScript = "\"${SRCROOT}/Pods/Target Support Files/Pods-ILTestingDemo/Pods-ILTestingDemo-resources.sh\"\n";
			showEnvVarsInLog = 0;
		};
		6F4C3DC8F90CF33EC27FC2CB /* Embed Pods Frameworks */ = {
			isa = PBXShellScriptBuildPhase;
			buildActionMask = 2147483647;
			files = (
			);
			inputPaths = (
			);
			name = "Embed Pods Frameworks";
			outputPaths = (
			);
			runOnlyForDeploymentPostprocessing = 0;
			shellPath = /bin/sh;
			shellScript = "\"${SRCROOT}/Pods/Target Support Files/Pods-ILTestingDemoTests/Pods-ILTestingDemoTests-frameworks.sh\"\n";
			showEnvVarsInLog = 0;
		};
		7B7BEEF760AB8DB4D50B62DB /* Check Pods Manifest.lock */ = {
			isa = PBXShellScriptBuildPhase;
			buildActionMask = 2147483647;
			files = (
			);
			inputPaths = (
			);
			name = "Check Pods Manifest.lock";
			outputPaths = (
			);
			runOnlyForDeploymentPostprocessing = 0;
			shellPath = /bin/sh;
			shellScript = "diff \"${PODS_ROOT}/../Podfile.lock\" \"${PODS_ROOT}/Manifest.lock\" > /dev/null\nif [[ $? != 0 ]] ; then\n    cat << EOM\nerror: The sandbox is not in sync with the Podfile.lock. Run 'pod install' or update your CocoaPods installation.\nEOM\n    exit 1\nfi\n";
			showEnvVarsInLog = 0;
		};
		95C0B268C26917B6306CBAB8 /* Check Pods Manifest.lock */ = {
			isa = PBXShellScriptBuildPhase;
			buildActionMask = 2147483647;
			files = (
			);
			inputPaths = (
			);
			name = "Check Pods Manifest.lock";
			outputPaths = (
			);
			runOnlyForDeploymentPostprocessing = 0;
			shellPath = /bin/sh;
			shellScript = "diff \"${PODS_ROOT}/../Podfile.lock\" \"${PODS_ROOT}/Manifest.lock\" > /dev/null\nif [[ $? != 0 ]] ; then\n    cat << EOM\nerror: The sandbox is not in sync with the Podfile.lock. Run 'pod install' or update your CocoaPods installation.\nEOM\n    exit 1\nfi\n";
			showEnvVarsInLog = 0;
		};
		B51EF2111CBC001540650664 /* Check Pods Manifest.lock */ = {
			isa = PBXShellScriptBuildPhase;
			buildActionMask = 2147483647;
			files = (
			);
			inputPaths = (
			);
			name = "Check Pods Manifest.lock";
			outputPaths = (
			);
			runOnlyForDeploymentPostprocessing = 0;
			shellPath = /bin/sh;
			shellScript = "diff \"${PODS_ROOT}/../Podfile.lock\" \"${PODS_ROOT}/Manifest.lock\" > /dev/null\nif [[ $? != 0 ]] ; then\n    cat << EOM\nerror: The sandbox is not in sync with the Podfile.lock. Run 'pod install' or update your CocoaPods installation.\nEOM\n    exit 1\nfi\n";
			showEnvVarsInLog = 0;
		};
		E2C6AD965ECF44496C66DEBF /* Embed Pods Frameworks */ = {
			isa = PBXShellScriptBuildPhase;
			buildActionMask = 2147483647;
			files = (
			);
			inputPaths = (
			);
			name = "Embed Pods Frameworks";
			outputPaths = (
			);
			runOnlyForDeploymentPostprocessing = 0;
			shellPath = /bin/sh;
			shellScript = "\"${SRCROOT}/Pods/Target Support Files/Pods-ILTestingDemo/Pods-ILTestingDemo-frameworks.sh\"\n";
			showEnvVarsInLog = 0;
		};
/* End PBXShellScriptBuildPhase section */

/* Begin PBXSourcesBuildPhase section */
		778D84051C5C03A500E7DC46 /* Sources */ = {
			isa = PBXSourcesBuildPhase;
			buildActionMask = 2147483647;
			files = (
				779290D81C625E95003E7BDA /* UserTableViewController.swift in Sources */,
				779290CE1C5C247B003E7BDA /* Person.swift in Sources */,
				778D840F1C5C03A500E7DC46 /* ViewController.swift in Sources */,
				779290D01C6042E8003E7BDA /* PersonService.swift in Sources */,
				778D840D1C5C03A500E7DC46 /* AppDelegate.swift in Sources */,
			);
			runOnlyForDeploymentPostprocessing = 0;
		};
		778D841E1C5C0B1C00E7DC46 /* Sources */ = {
			isa = PBXSourcesBuildPhase;
			buildActionMask = 2147483647;
			files = (
				779290D41C6046B4003E7BDA /* PersonServiceMock.swift in Sources */,
				779290E71C629A37003E7BDA /* UserTableViewControllerSpec.swift in Sources */,
				779290EB1C62D028003E7BDA /* PersonMock.swift in Sources */,
				779290E41C626BC5003E7BDA /* ViewControllerSpec.swift in Sources */,
				779290E91C62AFFA003E7BDA /* CustomMatchers.swift in Sources */,
				779290D21C6044D2003E7BDA /* PersonServiceSpec.swift in Sources */,
				778D843B1C5C151A00E7DC46 /* PersonSpec.swift in Sources */,
			);
			runOnlyForDeploymentPostprocessing = 0;
		};
		778D842C1C5C0B7100E7DC46 /* Sources */ = {
			isa = PBXSourcesBuildPhase;
			buildActionMask = 2147483647;
			files = (
				778D84331C5C0B7100E7DC46 /* ILTestingDemoUITests.swift in Sources */,
			);
			runOnlyForDeploymentPostprocessing = 0;
		};
/* End PBXSourcesBuildPhase section */

/* Begin PBXTargetDependency section */
		778D84281C5C0B1C00E7DC46 /* PBXTargetDependency */ = {
			isa = PBXTargetDependency;
			target = 778D84081C5C03A500E7DC46 /* ILTestingDemo */;
			targetProxy = 778D84271C5C0B1C00E7DC46 /* PBXContainerItemProxy */;
		};
		778D84361C5C0B7100E7DC46 /* PBXTargetDependency */ = {
			isa = PBXTargetDependency;
			target = 778D84081C5C03A500E7DC46 /* ILTestingDemo */;
			targetProxy = 778D84351C5C0B7100E7DC46 /* PBXContainerItemProxy */;
		};
/* End PBXTargetDependency section */

/* Begin PBXVariantGroup section */
		778D84101C5C03A600E7DC46 /* Main.storyboard */ = {
			isa = PBXVariantGroup;
			children = (
				778D84111C5C03A600E7DC46 /* Base */,
				779290D91C6260D4003E7BDA /* es-MX */,
			);
			name = Main.storyboard;
			sourceTree = "<group>";
		};
		778D84151C5C03A600E7DC46 /* LaunchScreen.storyboard */ = {
			isa = PBXVariantGroup;
			children = (
				778D84161C5C03A600E7DC46 /* Base */,
				779290DA1C6260D4003E7BDA /* es-MX */,
			);
			name = LaunchScreen.storyboard;
			sourceTree = "<group>";
		};
		779290E01C626187003E7BDA /* Localizable.strings */ = {
			isa = PBXVariantGroup;
			children = (
				779290E11C62618C003E7BDA /* es-MX */,
				779290E21C62619A003E7BDA /* Base */,
			);
			name = Localizable.strings;
			sourceTree = "<group>";
		};
/* End PBXVariantGroup section */

/* Begin XCBuildConfiguration section */
		778D84191C5C03A600E7DC46 /* Debug */ = {
			isa = XCBuildConfiguration;
			buildSettings = {
				ALWAYS_SEARCH_USER_PATHS = NO;
				CLANG_CXX_LANGUAGE_STANDARD = "gnu++0x";
				CLANG_CXX_LIBRARY = "libc++";
				CLANG_ENABLE_MODULES = YES;
				CLANG_ENABLE_OBJC_ARC = YES;
				CLANG_WARN_BOOL_CONVERSION = YES;
				CLANG_WARN_CONSTANT_CONVERSION = YES;
				CLANG_WARN_DIRECT_OBJC_ISA_USAGE = YES_ERROR;
				CLANG_WARN_EMPTY_BODY = YES;
				CLANG_WARN_ENUM_CONVERSION = YES;
				CLANG_WARN_INT_CONVERSION = YES;
				CLANG_WARN_OBJC_ROOT_CLASS = YES_ERROR;
				CLANG_WARN_UNREACHABLE_CODE = YES;
				CLANG_WARN__DUPLICATE_METHOD_MATCH = YES;
				"CODE_SIGN_IDENTITY[sdk=iphoneos*]" = "iPhone Developer";
				COPY_PHASE_STRIP = NO;
				DEBUG_INFORMATION_FORMAT = dwarf;
				ENABLE_STRICT_OBJC_MSGSEND = YES;
				ENABLE_TESTABILITY = YES;
				GCC_C_LANGUAGE_STANDARD = gnu99;
				GCC_DYNAMIC_NO_PIC = NO;
				GCC_NO_COMMON_BLOCKS = YES;
				GCC_OPTIMIZATION_LEVEL = 0;
				GCC_PREPROCESSOR_DEFINITIONS = (
					"DEBUG=1",
					"$(inherited)",
				);
				GCC_WARN_64_TO_32_BIT_CONVERSION = YES;
				GCC_WARN_ABOUT_RETURN_TYPE = YES_ERROR;
				GCC_WARN_UNDECLARED_SELECTOR = YES;
				GCC_WARN_UNINITIALIZED_AUTOS = YES_AGGRESSIVE;
				GCC_WARN_UNUSED_FUNCTION = YES;
				GCC_WARN_UNUSED_VARIABLE = YES;
				IPHONEOS_DEPLOYMENT_TARGET = 9.2;
				MTL_ENABLE_DEBUG_INFO = YES;
				ONLY_ACTIVE_ARCH = YES;
				SDKROOT = iphoneos;
				SWIFT_OPTIMIZATION_LEVEL = "-Onone";
			};
			name = Debug;
		};
		778D841A1C5C03A600E7DC46 /* Release */ = {
			isa = XCBuildConfiguration;
			buildSettings = {
				ALWAYS_SEARCH_USER_PATHS = NO;
				CLANG_CXX_LANGUAGE_STANDARD = "gnu++0x";
				CLANG_CXX_LIBRARY = "libc++";
				CLANG_ENABLE_MODULES = YES;
				CLANG_ENABLE_OBJC_ARC = YES;
				CLANG_WARN_BOOL_CONVERSION = YES;
				CLANG_WARN_CONSTANT_CONVERSION = YES;
				CLANG_WARN_DIRECT_OBJC_ISA_USAGE = YES_ERROR;
				CLANG_WARN_EMPTY_BODY = YES;
				CLANG_WARN_ENUM_CONVERSION = YES;
				CLANG_WARN_INT_CONVERSION = YES;
				CLANG_WARN_OBJC_ROOT_CLASS = YES_ERROR;
				CLANG_WARN_UNREACHABLE_CODE = YES;
				CLANG_WARN__DUPLICATE_METHOD_MATCH = YES;
				"CODE_SIGN_IDENTITY[sdk=iphoneos*]" = "iPhone Developer";
				COPY_PHASE_STRIP = NO;
				DEBUG_INFORMATION_FORMAT = "dwarf-with-dsym";
				ENABLE_NS_ASSERTIONS = NO;
				ENABLE_STRICT_OBJC_MSGSEND = YES;
				GCC_C_LANGUAGE_STANDARD = gnu99;
				GCC_NO_COMMON_BLOCKS = YES;
				GCC_WARN_64_TO_32_BIT_CONVERSION = YES;
				GCC_WARN_ABOUT_RETURN_TYPE = YES_ERROR;
				GCC_WARN_UNDECLARED_SELECTOR = YES;
				GCC_WARN_UNINITIALIZED_AUTOS = YES_AGGRESSIVE;
				GCC_WARN_UNUSED_FUNCTION = YES;
				GCC_WARN_UNUSED_VARIABLE = YES;
				IPHONEOS_DEPLOYMENT_TARGET = 9.2;
				MTL_ENABLE_DEBUG_INFO = NO;
				SDKROOT = iphoneos;
				VALIDATE_PRODUCT = YES;
			};
			name = Release;
		};
		778D841C1C5C03A600E7DC46 /* Debug */ = {
			isa = XCBuildConfiguration;
			baseConfigurationReference = 5C79A780D8D4009CC37DD886 /* Pods-ILTestingDemo.debug.xcconfig */;
			buildSettings = {
				ASSETCATALOG_COMPILER_APPICON_NAME = AppIcon;
				INFOPLIST_FILE = ILTestingDemo/Info.plist;
				LD_RUNPATH_SEARCH_PATHS = "$(inherited) @executable_path/Frameworks";
				PRODUCT_BUNDLE_IDENTIFIER = com.compean.ILTestingDemo;
				PRODUCT_NAME = "$(TARGET_NAME)";
			};
			name = Debug;
		};
		778D841D1C5C03A600E7DC46 /* Release */ = {
			isa = XCBuildConfiguration;
			baseConfigurationReference = 85C7B8814312EFEC4EFD983A /* Pods-ILTestingDemo.release.xcconfig */;
			buildSettings = {
				ASSETCATALOG_COMPILER_APPICON_NAME = AppIcon;
				INFOPLIST_FILE = ILTestingDemo/Info.plist;
				LD_RUNPATH_SEARCH_PATHS = "$(inherited) @executable_path/Frameworks";
				PRODUCT_BUNDLE_IDENTIFIER = com.compean.ILTestingDemo;
				PRODUCT_NAME = "$(TARGET_NAME)";
			};
			name = Release;
		};
		778D842A1C5C0B1C00E7DC46 /* Debug */ = {
			isa = XCBuildConfiguration;
			baseConfigurationReference = 7A99B2DAC1BD6A62576903CB /* Pods-ILTestingDemoTests.debug.xcconfig */;
			buildSettings = {
				BUNDLE_LOADER = "$(TEST_HOST)";
				INFOPLIST_FILE = ILTestingDemoTests/Info.plist;
				LD_RUNPATH_SEARCH_PATHS = "$(inherited) @executable_path/Frameworks @loader_path/Frameworks";
				PRODUCT_BUNDLE_IDENTIFIER = com.compean.ILTestingDemoTests;
				PRODUCT_NAME = "$(TARGET_NAME)";
				TEST_HOST = "$(BUILT_PRODUCTS_DIR)/ILTestingDemo.app/ILTestingDemo";
			};
			name = Debug;
		};
		778D842B1C5C0B1C00E7DC46 /* Release */ = {
			isa = XCBuildConfiguration;
			baseConfigurationReference = 0682C54BEE4EEC460C1A22B7 /* Pods-ILTestingDemoTests.release.xcconfig */;
			buildSettings = {
				BUNDLE_LOADER = "$(TEST_HOST)";
				INFOPLIST_FILE = ILTestingDemoTests/Info.plist;
				LD_RUNPATH_SEARCH_PATHS = "$(inherited) @executable_path/Frameworks @loader_path/Frameworks";
				PRODUCT_BUNDLE_IDENTIFIER = com.compean.ILTestingDemoTests;
				PRODUCT_NAME = "$(TARGET_NAME)";
				TEST_HOST = "$(BUILT_PRODUCTS_DIR)/ILTestingDemo.app/ILTestingDemo";
			};
			name = Release;
		};
		778D84381C5C0B7100E7DC46 /* Debug */ = {
			isa = XCBuildConfiguration;
			baseConfigurationReference = E00C72975FB2B0B47237D9CF /* Pods-ILTestingDemoUITests.debug.xcconfig */;
			buildSettings = {
				INFOPLIST_FILE = ILTestingDemoUITests/Info.plist;
				LD_RUNPATH_SEARCH_PATHS = "$(inherited) @executable_path/Frameworks @loader_path/Frameworks";
				PRODUCT_BUNDLE_IDENTIFIER = com.compean.ILTestingDemoUITests;
				PRODUCT_NAME = "$(TARGET_NAME)";
				TEST_TARGET_NAME = ILTestingDemo;
				USES_XCTRUNNER = YES;
			};
			name = Debug;
		};
		778D84391C5C0B7100E7DC46 /* Release */ = {
			isa = XCBuildConfiguration;
			baseConfigurationReference = 8CB689635CB52FDFA2C62FA4 /* Pods-ILTestingDemoUITests.release.xcconfig */;
			buildSettings = {
				INFOPLIST_FILE = ILTestingDemoUITests/Info.plist;
				LD_RUNPATH_SEARCH_PATHS = "$(inherited) @executable_path/Frameworks @loader_path/Frameworks";
				PRODUCT_BUNDLE_IDENTIFIER = com.compean.ILTestingDemoUITests;
				PRODUCT_NAME = "$(TARGET_NAME)";
				TEST_TARGET_NAME = ILTestingDemo;
				USES_XCTRUNNER = YES;
			};
			name = Release;
		};
/* End XCBuildConfiguration section */

/* Begin XCConfigurationList section */
		778D84041C5C03A500E7DC46 /* Build configuration list for PBXProject "ILTestingDemo" */ = {
			isa = XCConfigurationList;
			buildConfigurations = (
				778D84191C5C03A600E7DC46 /* Debug */,
				778D841A1C5C03A600E7DC46 /* Release */,
			);
			defaultConfigurationIsVisible = 0;
			defaultConfigurationName = Release;
		};
		778D841B1C5C03A600E7DC46 /* Build configuration list for PBXNativeTarget "ILTestingDemo" */ = {
			isa = XCConfigurationList;
			buildConfigurations = (
				778D841C1C5C03A600E7DC46 /* Debug */,
				778D841D1C5C03A600E7DC46 /* Release */,
			);
			defaultConfigurationIsVisible = 0;
			defaultConfigurationName = Release;
		};
		778D84291C5C0B1C00E7DC46 /* Build configuration list for PBXNativeTarget "ILTestingDemoTests" */ = {
			isa = XCConfigurationList;
			buildConfigurations = (
				778D842A1C5C0B1C00E7DC46 /* Debug */,
				778D842B1C5C0B1C00E7DC46 /* Release */,
			);
			defaultConfigurationIsVisible = 0;
			defaultConfigurationName = Release;
		};
		778D84371C5C0B7100E7DC46 /* Build configuration list for PBXNativeTarget "ILTestingDemoUITests" */ = {
			isa = XCConfigurationList;
			buildConfigurations = (
				778D84381C5C0B7100E7DC46 /* Debug */,
				778D84391C5C0B7100E7DC46 /* Release */,
			);
			defaultConfigurationIsVisible = 0;
			defaultConfigurationName = Release;
		};
/* End XCConfigurationList section */
	};
	rootObject = 778D84011C5C03A500E7DC46 /* Project object */;
}
